
Microsoft Visual Studio Solution File, Format Version 12.00
# Visual Studio Version 16
VisualStudioVersion = 16.0.31729.503
MinimumVisualStudioVersion = 10.0.40219.1
Project("{FAE04EC0-301F-11D3-BF4B-00C04F79EFBC}") = "SuDokuSolver", "SuDokuSolver.csproj", "{DA5F741B-DDC8-4259-9D0B-8FA97E9963A5}"
EndProject
Global
	GlobalSection(SolutionConfigurationPlatforms) = preSolution
		Debug|Any CPU = Debug|Any CPU
		Release|Any CPU = Release|Any CPU
	EndGlobalSection
	GlobalSection(ProjectConfigurationPlatforms) = postSolution
		{DA5F741B-DDC8-4259-9D0B-8FA97E9963A5}.Debug|Any CPU.ActiveCfg = Debug|Any CPU
		{DA5F741B-DDC8-4259-9D0B-8FA97E9963A5}.Debug|Any CPU.Build.0 = Debug|Any CPU
		{DA5F741B-DDC8-4259-9D0B-8FA97E9963A5}.Release|Any CPU.ActiveCfg = Release|Any CPU
		{DA5F741B-DDC8-4259-9D0B-8FA97E9963A5}.Release|Any CPU.Build.0 = Release|Any CPU
	EndGlobalSection
	GlobalSection(SolutionProperties) = preSolution
		HideSolutionNode = FALSE
	EndGlobalSection
	GlobalSection(ExtensibilityGlobals) = postSolution
		SolutionGuid = {0334A57C-EAAC-415F-BD7F-95336E2665C1}
	EndGlobalSection
EndGlobal
